
Microsoft Visual Studio Solution File, Format Version 12.00
# Visual Studio Version 16
VisualStudioVersion = 16.0.30128.74
MinimumVisualStudioVersion = 10.0.40219.1
Project("{FAE04EC0-301F-11D3-BF4B-00C04F79EFBC}") = "AulaSobreposicao", "AulaSobreposicao.csproj", "{08446862-4D24-4C27-93F2-FCCADEBFD56B}"
EndProject
Global
	GlobalSection(SolutionConfigurationPlatforms) = preSolution
		Debug|Any CPU = Debug|Any CPU
		Release|Any CPU = Release|Any CPU
	EndGlobalSection
	GlobalSection(ProjectConfigurationPlatforms) = postSolution
		{08446862-4D24-4C27-93F2-FCCADEBFD56B}.Debug|Any CPU.ActiveCfg = Debug|Any CPU
		{08446862-4D24-4C27-93F2-FCCADEBFD56B}.Debug|Any CPU.Build.0 = Debug|Any CPU
		{08446862-4D24-4C27-93F2-FCCADEBFD56B}.Release|Any CPU.ActiveCfg = Release|Any CPU
		{08446862-4D24-4C27-93F2-FCCADEBFD56B}.Release|Any CPU.Build.0 = Release|Any CPU
	EndGlobalSection
	GlobalSection(SolutionProperties) = preSolution
		HideSolutionNode = FALSE
	EndGlobalSection
	GlobalSection(ExtensibilityGlobals) = postSolution
		SolutionGuid = {B2224EF6-EEA7-478F-A15B-D811772E33BC}
	EndGlobalSection
EndGlobal
